
Microsoft Visual Studio Solution File, Format Version 12.00
# Visual Studio Version 17
VisualStudioVersion = 17.6.33723.286
MinimumVisualStudioVersion = 10.0.40219.1
Project("{FAE04EC0-301F-11D3-BF4B-00C04F79EFBC}") = "Cqrs_Mediatr_Pattern", "Cqrs_Mediatr_Pattern\Cqrs_Mediatr_Pattern.csproj", "{70BE85B1-72C9-426B-AD2A-59FE2373E022}"
EndProject
Global
	GlobalSection(SolutionConfigurationPlatforms) = preSolution
		Debug|Any CPU = Debug|Any CPU
		Release|Any CPU = Release|Any CPU
	EndGlobalSection
	GlobalSection(ProjectConfigurationPlatforms) = postSolution
		{70BE85B1-72C9-426B-AD2A-59FE2373E022}.Debug|Any CPU.ActiveCfg = Debug|Any CPU
		{70BE85B1-72C9-426B-AD2A-59FE2373E022}.Debug|Any CPU.Build.0 = Debug|Any CPU
		{70BE85B1-72C9-426B-AD2A-59FE2373E022}.Release|Any CPU.ActiveCfg = Release|Any CPU
		{70BE85B1-72C9-426B-AD2A-59FE2373E022}.Release|Any CPU.Build.0 = Release|Any CPU
	EndGlobalSection
	GlobalSection(SolutionProperties) = preSolution
		HideSolutionNode = FALSE
	EndGlobalSection
	GlobalSection(ExtensibilityGlobals) = postSolution
		SolutionGuid = {E651FB3C-B3AF-44E5-BB67-529D0661CE3D}
	EndGlobalSection
EndGlobal
